{
  "lockfileVersion": 1,
  "configVersion": 0,
  "workspaces": {
    "": {
      "name": "msdbot_telegram",
      "devDependencies": {
        "prettier": "^3.6.2",
      },
    },
    "apps/bot": {
      "name": "msdbot",
      "version": "1.0.0",
      "dependencies": {
        "@msdbot/assets": "workspace:^",
        "@msdbot/env": "workspace:^",
        "@msdbot/i18n": "workspace:^",
        "grammy": "^1.38.3",
      },
      "devDependencies": {
        "@msdbot/tsconfig": "workspace:^",
        "@types/bun": "latest",
      },
    },
    "packages/assets": {
      "name": "@msdbot/assets",
      "version": "1.0.0",
      "devDependencies": {
        "@msdbot/tsconfig": "workspace:^",
      },
    },
    "packages/env": {
      "name": "@msdbot/env",
      "version": "1.0.0",
      "dependencies": {
        "@t3-oss/env-core": "^0.13.8",
        "arkenv": "^0.7.3",
        "zod": "^4.1.12",
      },
      "devDependencies": {
        "@msdbot/tsconfig": "workspace:^",
      },
    },
    "packages/i18n": {
      "name": "@msdbot/i18n",
      "version": "1.0.0",
      "dependencies": {
        "typesafe-i18n": "^5.26.2",
      },
      "devDependencies": {
        "@msdbot/tsconfig": "workspace:^",
      },
    },
    "packages/tsconfig": {
      "name": "@msdbot/tsconfig",
      "version": "0.0.0",
    },
  },
  "packages": {
    "@ark/schema": ["@ark/schema@0.53.0", "", { "dependencies": { "@ark/util": "0.53.0" } }, "sha512-1PB7RThUiTlmIu8jbSurPrhHpVixPd4C+xNBUF/HrjIENCeDcAMg36n5mpMzED7OQGDVIzpfXXiMnaTiutjHJw=="],

    "@ark/util": ["@ark/util@0.53.0", "", {}, "sha512-TGn4gLlA6dJcQiqrtCtd88JhGb2XBHo6qIejsDre+nxpGuUVW4G3YZGVrwjNBTO0EyR+ykzIo4joHJzOj+/cpA=="],

    "@grammyjs/types": ["@grammyjs/types@3.22.2", "", {}, "sha512-uu7DX2ezhnBPozL3bXHmwhLvaFsh59E4QyviNH4Cij7EdVekYrs6mCzeXsa2pDk30l3uXo7DBahlZLzTPtpYZg=="],

    "@msdbot/assets": ["@msdbot/assets@workspace:packages/assets"],

    "@msdbot/env": ["@msdbot/env@workspace:packages/env"],

    "@msdbot/i18n": ["@msdbot/i18n@workspace:packages/i18n"],

    "@msdbot/tsconfig": ["@msdbot/tsconfig@workspace:packages/tsconfig"],

    "@t3-oss/env-core": ["@t3-oss/env-core@0.13.8", "", { "peerDependencies": { "arktype": "^2.1.0", "typescript": ">=5.0.0", "valibot": "^1.0.0-beta.7 || ^1.0.0", "zod": "^3.24.0 || ^4.0.0-beta.0" }, "optionalPeers": ["arktype", "typescript", "valibot", "zod"] }, "sha512-L1inmpzLQyYu4+Q1DyrXsGJYCXbtXjC4cICw1uAKv0ppYPQv656lhZPU91Qd1VS6SO/bou1/q5ufVzBGbNsUpw=="],

    "@types/bun": ["@types/bun@1.3.2", "", { "dependencies": { "bun-types": "1.3.2" } }, "sha512-t15P7k5UIgHKkxwnMNkJbWlh/617rkDGEdSsDbu+qNHTaz9SKf7aC8fiIlUdD5RPpH6GEkP0cK7WlvmrEBRtWg=="],

    "@types/node": ["@types/node@24.10.1", "", { "dependencies": { "undici-types": "~7.16.0" } }, "sha512-GNWcUTRBgIRJD5zj+Tq0fKOJ5XZajIiBroOF0yvj2bSU1WvNdYS/dn9UxwsujGW4JX06dnHyjV2y9rRaybH0iQ=="],

    "@types/react": ["@types/react@19.2.5", "", { "dependencies": { "csstype": "^3.0.2" } }, "sha512-keKxkZMqnDicuvFoJbzrhbtdLSPhj/rZThDlKWCDbgXmUg0rEUFtRssDXKYmtXluZlIqiC5VqkCgRwzuyLHKHw=="],

    "abort-controller": ["abort-controller@3.0.0", "", { "dependencies": { "event-target-shim": "^5.0.0" } }, "sha512-h8lQ8tacZYnR3vNQTgibj+tODHI5/+l06Au2Pcriv/Gmet0eaj4TwWH41sO9wnHDiQsEj19q0drzdWdeAHtweg=="],

    "arkenv": ["arkenv@0.7.3", "", { "peerDependencies": { "arktype": "^2.1.22" } }, "sha512-NOhYihh4ln5utmUi6NdsMh7wdsbJ82i19LmQqQeF+DAPaCeGq2YoMXHEpBN6gS6ibC7kecTEzh5oww5A60yGwg=="],

    "arkregex": ["arkregex@0.0.2", "", { "dependencies": { "@ark/util": "0.53.0" } }, "sha512-ttjDUICBVoXD/m8bf7eOjx8XMR6yIT2FmmW9vsN0FCcFOygEZvvIX8zK98tTdXkzi0LkRi5CmadB44jFEIyDNA=="],

    "arktype": ["arktype@2.1.25", "", { "dependencies": { "@ark/schema": "0.53.0", "@ark/util": "0.53.0", "arkregex": "0.0.2" } }, "sha512-fdj10sNlUPeDRg1QUqMbzJ4Q7gutTOWOpLUNdcC4vxeVrN0G+cbDOvLbuxQOFj/NDAode1G7kwFv4yKwQvupJg=="],

    "bun-types": ["bun-types@1.3.2", "", { "dependencies": { "@types/node": "*" }, "peerDependencies": { "@types/react": "^19" } }, "sha512-i/Gln4tbzKNuxP70OWhJRZz1MRfvqExowP7U6JKoI8cntFrtxg7RJK3jvz7wQW54UuvNC8tbKHHri5fy74FVqg=="],

    "csstype": ["csstype@3.2.2", "", {}, "sha512-D80T+tiqkd/8B0xNlbstWDG4x6aqVfO52+OlSUNIdkTvmNw0uQpJLeos2J/2XvpyidAFuTPmpad+tUxLndwj6g=="],

    "debug": ["debug@4.4.3", "", { "dependencies": { "ms": "^2.1.3" } }, "sha512-RGwwWnwQvkVfavKVt22FGLw+xYSdzARwm0ru6DhTVA3umU5hZc28V3kO4stgYryrTlLpuvgI9GiijltAjNbcqA=="],

    "event-target-shim": ["event-target-shim@5.0.1", "", {}, "sha512-i/2XbnSz/uxRCU6+NdVJgKWDTM427+MqYbkQzD321DuCQJUqOuJKIA0IM2+W2xtYHdKOmZ4dR6fExsd4SXL+WQ=="],

    "grammy": ["grammy@1.38.3", "", { "dependencies": { "@grammyjs/types": "3.22.2", "abort-controller": "^3.0.0", "debug": "^4.4.3", "node-fetch": "^2.7.0" } }, "sha512-1eQwNfxrRQ0JOFqd3n1nKqyWkHvCQRCNiH8e5aYm27mIjGPobgss58XN8GORC2ejAWM2+NSdUknrMhYj87cjGg=="],

    "ms": ["ms@2.1.3", "", {}, "sha512-6FlzubTLZG3J2a/NVCAleEhjzq5oxgHyaCU9yYXvcLsvoVaHJq/s5xXI6/XXP6tz7R9xAOtHnSO/tXtF3WRTlA=="],

    "msdbot": ["msdbot@workspace:apps/bot"],

    "node-fetch": ["node-fetch@2.7.0", "", { "dependencies": { "whatwg-url": "^5.0.0" }, "peerDependencies": { "encoding": "^0.1.0" }, "optionalPeers": ["encoding"] }, "sha512-c4FRfUm/dbcWZ7U+1Wq0AwCyFL+3nt2bEw05wfxSz+DWpWsitgmSgYmy2dQdWyKC1694ELPqMs/YzUSNozLt8A=="],

    "prettier": ["prettier@3.6.2", "", { "bin": { "prettier": "bin/prettier.cjs" } }, "sha512-I7AIg5boAr5R0FFtJ6rCfD+LFsWHp81dolrFD8S79U9tb8Az2nGrJncnMSnys+bpQJfRUzqs9hnA81OAA3hCuQ=="],

    "tr46": ["tr46@0.0.3", "", {}, "sha512-N3WMsuqV66lT30CrXNbEjx4GEwlow3v6rr4mCcv6prnfwhS01rkgyFdjPNBYd9br7LpXV1+Emh01fHnq2Gdgrw=="],

    "typesafe-i18n": ["typesafe-i18n@5.26.2", "", { "peerDependencies": { "typescript": ">=3.5.1" }, "bin": { "typesafe-i18n": "cli/typesafe-i18n.mjs" } }, "sha512-2QAriFmiY5JwUAJtG7yufoE/XZ1aFBY++wj7YFS2yo89a3jLBfKoWSdq5JfQYk1V2BS7V2c/u+KEcaCQoE65hw=="],

    "typescript": ["typescript@5.9.3", "", { "bin": { "tsc": "bin/tsc", "tsserver": "bin/tsserver" } }, "sha512-jl1vZzPDinLr9eUt3J/t7V6FgNEw9QjvBPdysz9KfQDD41fQrC2Y4vKQdiaUpFT4bXlb1RHhLpp8wtm6M5TgSw=="],

    "undici-types": ["undici-types@7.16.0", "", {}, "sha512-Zz+aZWSj8LE6zoxD+xrjh4VfkIG8Ya6LvYkZqtUQGJPZjYl53ypCaUwWqo7eI0x66KBGeRo+mlBEkMSeSZ38Nw=="],

    "webidl-conversions": ["webidl-conversions@3.0.1", "", {}, "sha512-2JAn3z8AR6rjK8Sm8orRC0h/bcl/DqL7tRPdGZ4I1CjdF+EaMLmYxBHyXuKL849eucPFhvBoxMsflfOb8kxaeQ=="],

    "whatwg-url": ["whatwg-url@5.0.0", "", { "dependencies": { "tr46": "~0.0.3", "webidl-conversions": "^3.0.0" } }, "sha512-saE57nupxk6v3HY35+jzBwYa0rKSy0XR8JSxZPwgLr7ys0IBzhGviA1/TUGJLmSVqs8pb9AnvICXEuOHLprYTw=="],

    "zod": ["zod@4.1.12", "", {}, "sha512-JInaHOamG8pt5+Ey8kGmdcAcg3OL9reK8ltczgHTAwNhMys/6ThXHityHxVV2p3fkw/c+MAvBHFVYHFZDmjMCQ=="],
  }
}
