{
	"name": "msdbot_telegram",
	"version": "0.1.3",
	"lockfileVersion": 3,
	"requires": true,
	"packages": {
		"": {
			"name": "msdbot_telegram",
			"version": "0.1.3",
			"license": "MIT",
			"dependencies": {
				"@roziscoding/grammy-autoquote": "^2.0.6",
				"dotenv": "^16.4.5",
				"grammy": "^1.24.0",
				"sagiri": "^3.6.0",
				"telegra.ph": "^1.0.1",
				"tslib": "^2.6.2"
			},
			"devDependencies": {
				"@types/node": "^22.0.0",
				"prettier": "^3.3.0",
				"typescript": "^5.5.4"
			}
		},
		"node_modules/@grammyjs/types": {
			"version": "3.13.0",
			"resolved": "https://registry.npmjs.org/@grammyjs/types/-/types-3.13.0.tgz",
			"integrity": "sha512-Oyq6fBuVPyX6iWvxT/0SxJvNisC9GHUEkhZ60qJBHRmwNX4hIcOfhrNEahicn3K9SYyreGPVw3d9wlLRds83cw=="
		},
		"node_modules/@roziscoding/grammy-autoquote": {
			"version": "2.0.6",
			"resolved": "https://registry.npmjs.org/@roziscoding/grammy-autoquote/-/grammy-autoquote-2.0.6.tgz",
			"integrity": "sha512-7KB9PlK/Q/tAb9jE9S0y2kW7aeSObYLOFhylcusjlY3NW+NZtuEUs8/3RHgSiHA/bwQTGq/+iYfI4dnJwbYcPw==",
			"license": "MIT",
			"peerDependencies": {
				"grammy": "^1"
			}
		},
		"node_modules/@types/node": {
			"version": "22.4.1",
			"resolved": "https://registry.npmjs.org/@types/node/-/node-22.4.1.tgz",
			"integrity": "sha512-1tbpb9325+gPnKK0dMm+/LMriX0vKxf6RnB0SZUqfyVkQ4fMgUSySqhxE/y8Jvs4NyF1yHzTfG9KlnkIODxPKg==",
			"dev": true,
			"dependencies": {
				"undici-types": "~6.19.2"
			}
		},
		"node_modules/abort-controller": {
			"version": "3.0.0",
			"license": "MIT",
			"dependencies": {
				"event-target-shim": "^5.0.0"
			},
			"engines": {
				"node": ">=6.5"
			}
		},
		"node_modules/asynckit": {
			"version": "0.4.0",
			"resolved": "https://registry.npmjs.org/asynckit/-/asynckit-0.4.0.tgz",
			"integrity": "sha512-Oei9OH4tRh0YqU3GxhX79dM/mwVgvbZJaSNaRk+bshkj0S5cfHcgYakreBjrHwatXKbz+IoIdYLxrKim2MjW0Q==",
			"license": "MIT"
		},
		"node_modules/bent": {
			"version": "7.3.12",
			"resolved": "https://registry.npmjs.org/bent/-/bent-7.3.12.tgz",
			"integrity": "sha512-T3yrKnVGB63zRuoco/7Ybl7BwwGZR0lceoVG5XmQyMIH9s19SV5m+a8qam4if0zQuAmOQTyPTPmsQBdAorGK3w==",
			"license": "Apache-2.0",
			"dependencies": {
				"bytesish": "^0.4.1",
				"caseless": "~0.12.0",
				"is-stream": "^2.0.0"
			}
		},
		"node_modules/bytesish": {
			"version": "0.4.4",
			"resolved": "https://registry.npmjs.org/bytesish/-/bytesish-0.4.4.tgz",
			"integrity": "sha512-i4uu6M4zuMUiyfZN4RU2+i9+peJh//pXhd9x1oSe1LBkZ3LEbCoygu8W0bXTukU1Jme2txKuotpCZRaC3FLxcQ==",
			"license": "(Apache-2.0 AND MIT)"
		},
		"node_modules/caseless": {
			"version": "0.12.0",
			"resolved": "https://registry.npmjs.org/caseless/-/caseless-0.12.0.tgz",
			"integrity": "sha512-4tYFyifaFfGacoiObjJegolkwSU4xQNGbVgUiNYVUxbQ2x2lUsFvY4hVgVzGiIe6WLOPqycWXA40l+PWsxthUw==",
			"license": "Apache-2.0"
		},
		"node_modules/combined-stream": {
			"version": "1.0.8",
			"resolved": "https://registry.npmjs.org/combined-stream/-/combined-stream-1.0.8.tgz",
			"integrity": "sha512-FQN4MRfuJeHf7cBbBMJFXhKSDq+2kAArBlmRBvcvFE5BB1HZKXtSFASDhdlz9zOYwxh8lDdnvmMOe/+5cdoEdg==",
			"license": "MIT",
			"dependencies": {
				"delayed-stream": "~1.0.0"
			},
			"engines": {
				"node": ">= 0.8"
			}
		},
		"node_modules/debug": {
			"version": "4.3.5",
			"license": "MIT",
			"dependencies": {
				"ms": "2.1.2"
			},
			"engines": {
				"node": ">=6.0"
			},
			"peerDependenciesMeta": {
				"supports-color": {
					"optional": true
				}
			}
		},
		"node_modules/delayed-stream": {
			"version": "1.0.0",
			"resolved": "https://registry.npmjs.org/delayed-stream/-/delayed-stream-1.0.0.tgz",
			"integrity": "sha512-ZySD7Nf91aLB0RxL4KGrKHBXl7Eds1DAmEdcoVawXnLD7SDhpNgtuII2aAkg7a7QS41jxPSZ17p4VdGnMHk3MQ==",
			"license": "MIT",
			"engines": {
				"node": ">=0.4.0"
			}
		},
		"node_modules/dotenv": {
			"version": "16.4.5",
			"license": "BSD-2-Clause",
			"engines": {
				"node": ">=12"
			},
			"funding": {
				"url": "https://dotenvx.com"
			}
		},
		"node_modules/encoding": {
			"version": "0.1.13",
			"license": "MIT",
			"dependencies": {
				"iconv-lite": "^0.6.2"
			}
		},
		"node_modules/event-target-shim": {
			"version": "5.0.1",
			"license": "MIT",
			"engines": {
				"node": ">=6"
			}
		},
		"node_modules/form-data": {
			"version": "4.0.0",
			"resolved": "https://registry.npmjs.org/form-data/-/form-data-4.0.0.tgz",
			"integrity": "sha512-ETEklSGi5t0QMZuiXoA/Q6vcnxcLQP5vdugSpuAyi6SVGi2clPPp+xgEhuMaHC+zGgn31Kd235W35f7Hykkaww==",
			"license": "MIT",
			"dependencies": {
				"asynckit": "^0.4.0",
				"combined-stream": "^1.0.8",
				"mime-types": "^2.1.12"
			},
			"engines": {
				"node": ">= 6"
			}
		},
		"node_modules/grammy": {
			"version": "1.29.0",
			"resolved": "https://registry.npmjs.org/grammy/-/grammy-1.29.0.tgz",
			"integrity": "sha512-lj/6K6TGmVAdOpHj0PVFK7N37EGe76bpkbgvN+yqCqXYBIwuQosTe7qLhCls7/4pbDxf2+UVSqSXcOILgGGKWQ==",
			"dependencies": {
				"@grammyjs/types": "3.13.0",
				"abort-controller": "^3.0.0",
				"debug": "^4.3.4",
				"node-fetch": "^2.7.0"
			},
			"engines": {
				"node": "^12.20.0 || >=14.13.1"
			}
		},
		"node_modules/iconv-lite": {
			"version": "0.6.3",
			"license": "MIT",
			"dependencies": {
				"safer-buffer": ">= 2.1.2 < 3.0.0"
			},
			"engines": {
				"node": ">=0.10.0"
			}
		},
		"node_modules/is-stream": {
			"version": "2.0.1",
			"resolved": "https://registry.npmjs.org/is-stream/-/is-stream-2.0.1.tgz",
			"integrity": "sha512-hFoiJiTl63nn+kstHGBtewWSKnQLpyb155KHheA1l39uvtO9nWIop1p3udqPcUd/xbF1VLMO4n7OI6p7RbngDg==",
			"license": "MIT",
			"engines": {
				"node": ">=8"
			},
			"funding": {
				"url": "https://github.com/sponsors/sindresorhus"
			}
		},
		"node_modules/isomorphic-fetch": {
			"version": "2.2.1",
			"license": "MIT",
			"dependencies": {
				"node-fetch": "^1.0.1",
				"whatwg-fetch": ">=0.10.0"
			}
		},
		"node_modules/isomorphic-fetch/node_modules/node-fetch": {
			"version": "1.7.3",
			"license": "MIT",
			"dependencies": {
				"encoding": "^0.1.11",
				"is-stream": "^1.0.1"
			}
		},
		"node_modules/isomorphic-fetch/node_modules/node-fetch/node_modules/is-stream": {
			"version": "1.1.0",
			"license": "MIT",
			"engines": {
				"node": ">=0.10.0"
			}
		},
		"node_modules/mime-db": {
			"version": "1.52.0",
			"resolved": "https://registry.npmjs.org/mime-db/-/mime-db-1.52.0.tgz",
			"integrity": "sha512-sPU4uV7dYlvtWJxwwxHD0PuihVNiE7TyAbQ5SWxDCB9mUYvOgroQOwYQQOKPJ8CIbE+1ETVlOoK1UC2nU3gYvg==",
			"license": "MIT",
			"engines": {
				"node": ">= 0.6"
			}
		},
		"node_modules/mime-types": {
			"version": "2.1.35",
			"resolved": "https://registry.npmjs.org/mime-types/-/mime-types-2.1.35.tgz",
			"integrity": "sha512-ZDY+bPm5zTTF+YpCrAU9nK0UgICYPT0QtT1NZWFv4s++TNkcgVaT0g6+4R2uI4MjQjzysHB1zxuWL50hzaeXiw==",
			"license": "MIT",
			"dependencies": {
				"mime-db": "1.52.0"
			},
			"engines": {
				"node": ">= 0.6"
			}
		},
		"node_modules/ms": {
			"version": "2.1.2",
			"license": "MIT"
		},
		"node_modules/node-fetch": {
			"version": "2.7.0",
			"license": "MIT",
			"dependencies": {
				"whatwg-url": "^5.0.0"
			},
			"engines": {
				"node": "4.x || >=6.0.0"
			},
			"peerDependencies": {
				"encoding": "^0.1.0"
			},
			"peerDependenciesMeta": {
				"encoding": {
					"optional": true
				}
			}
		},
		"node_modules/prettier": {
			"version": "3.3.3",
			"resolved": "https://registry.npmjs.org/prettier/-/prettier-3.3.3.tgz",
			"integrity": "sha512-i2tDNA0O5IrMO757lfrdQZCc2jPNDVntV0m/+4whiDfWaTKfMNgR7Qz0NAeGz/nRqF4m5/6CLzbP4/liHt12Ew==",
			"dev": true,
			"bin": {
				"prettier": "bin/prettier.cjs"
			},
			"engines": {
				"node": ">=14"
			},
			"funding": {
				"url": "https://github.com/prettier/prettier?sponsor=1"
			}
		},
		"node_modules/safer-buffer": {
			"version": "2.1.2",
			"license": "MIT"
		},
		"node_modules/sagiri": {
			"version": "3.6.0",
			"resolved": "https://registry.npmjs.org/sagiri/-/sagiri-3.6.0.tgz",
			"integrity": "sha512-du7ojUzIyIVvKHsFsVVlWSr9jVTU6dWNLtt8xJety1819bk4lme/B3iX8NOp6OQ2s2Fo9VTApVTDP7fbJ8+JAA==",
			"funding": [
				{
					"type": "individual",
					"url": "https://ko-fi.com/capuccino"
				}
			],
			"license": "MIT",
			"dependencies": {
				"bent": "^7.3.12",
				"debug": "^4.3.4",
				"form-data": "^4.0.0"
			},
			"engines": {
				"node": ">=12"
			}
		},
		"node_modules/telegra.ph": {
			"version": "1.0.1",
			"license": "MIT",
			"dependencies": {
				"isomorphic-fetch": "^2.2.1"
			},
			"engines": {
				"node": ">=6.2.0"
			}
		},
		"node_modules/tr46": {
			"version": "0.0.3",
			"license": "MIT"
		},
		"node_modules/tslib": {
			"version": "2.6.3",
			"license": "0BSD"
		},
		"node_modules/typescript": {
			"version": "5.5.4",
			"resolved": "https://registry.npmjs.org/typescript/-/typescript-5.5.4.tgz",
			"integrity": "sha512-Mtq29sKDAEYP7aljRgtPOpTvOfbwRWlS6dPRzwjdE+C0R4brX/GUyhHSecbHMFLNBLcJIPt9nl9yG5TZ1weH+Q==",
			"dev": true,
			"bin": {
				"tsc": "bin/tsc",
				"tsserver": "bin/tsserver"
			},
			"engines": {
				"node": ">=14.17"
			}
		},
		"node_modules/undici-types": {
			"version": "6.19.6",
			"resolved": "https://registry.npmjs.org/undici-types/-/undici-types-6.19.6.tgz",
			"integrity": "sha512-e/vggGopEfTKSvj4ihnOLTsqhrKRN3LeO6qSN/GxohhuRv8qH9bNQ4B8W7e/vFL+0XTnmHPB4/kegunZGA4Org==",
			"dev": true
		},
		"node_modules/webidl-conversions": {
			"version": "3.0.1",
			"license": "BSD-2-Clause"
		},
		"node_modules/whatwg-fetch": {
			"version": "3.6.20",
			"license": "MIT"
		},
		"node_modules/whatwg-url": {
			"version": "5.0.0",
			"license": "MIT",
			"dependencies": {
				"tr46": "~0.0.3",
				"webidl-conversions": "^3.0.0"
			}
		}
	}
}
